
Microsoft Visual Studio Solution File, Format Version 12.00
# Visual Studio Version 16
VisualStudioVersion = 16.0.36128.20
MinimumVisualStudioVersion = 10.0.40219.1
Project("{FAE04EC0-301F-11D3-BF4B-00C04F79EFBC}") = "Ecommercesite", "Ecommercesite\Ecommercesite.csproj", "{D4F7D3DA-1358-4895-8843-746BFF235F13}"
EndProject
Global
	GlobalSection(SolutionConfigurationPlatforms) = preSolution
		Debug|Any CPU = Debug|Any CPU
		Release|Any CPU = Release|Any CPU
	EndGlobalSection
	GlobalSection(ProjectConfigurationPlatforms) = postSolution
		{D4F7D3DA-1358-4895-8843-746BFF235F13}.Debug|Any CPU.ActiveCfg = Debug|Any CPU
		{D4F7D3DA-1358-4895-8843-746BFF235F13}.Debug|Any CPU.Build.0 = Debug|Any CPU
		{D4F7D3DA-1358-4895-8843-746BFF235F13}.Release|Any CPU.ActiveCfg = Release|Any CPU
		{D4F7D3DA-1358-4895-8843-746BFF235F13}.Release|Any CPU.Build.0 = Release|Any CPU
	EndGlobalSection
	GlobalSection(SolutionProperties) = preSolution
		HideSolutionNode = FALSE
	EndGlobalSection
	GlobalSection(ExtensibilityGlobals) = postSolution
		SolutionGuid = {84968656-8985-4EB0-B5F8-30496ED9D4DD}
	EndGlobalSection
EndGlobal
